dependencies:
- name: mongodb
  repository: https://charts.bitnami.com/bitnami
  version: 18.4.8
- name: postgresql
  repository: https://charts.bitnami.com/bitnami
  version: 18.8.17
- name: redis
  repository: https://charts.bitnami.com/bitnami
  version: 24.1.8
- name: auth-server
  repository: oci://ghcr.io/rapidrest/charts
  version: 1.0.0-beta.2
- name: postfix-bridge
  repository: oci://ghcr.io/rapidmx/charts
  version: 1.1.0
digest: sha256:3d9a01d038361e556d513d7784f6057ba81a3d131cd1e72602059d4fe036e738
generated: "2026-09-15T22:14:37.8553235-07:00"
