dependencies:
- name: mongodb
  repository: https://charts.bitnami.com/bitnami
  version: 18.4.8
- name: postgresql
  repository: https://charts.bitnami.com/bitnami
  version: 18.8.17
- name: redis
  repository: https://charts.bitnami.com/bitnami
  version: 24.1.8
- name: auth-server
  repository: oci://ghcr.io/rapidrest/charts
  version: 1.0.0-beta.32
- name: postfix-bridge
  repository: oci://ghcr.io/rapidmx/charts
  version: 1.5.0
digest: sha256:f14c9a18bef4097822218ca847ace955ae3aabfa5dbe58be356b55befe2a12ce
generated: "2026-10-02T12:18:38.6030589-07:00"
