dependencies:
- name: mongodb
  repository: https://charts.bitnami.com/bitnami
  version: 18.4.8
- name: postgresql
  repository: https://charts.bitnami.com/bitnami
  version: 18.8.17
- name: redis
  repository: https://charts.bitnami.com/bitnami
  version: 24.1.8
- name: auth-server
  repository: oci://ghcr.io/rapidrest/charts
  version: 1.0.0-beta.19
- name: postfix-bridge
  repository: oci://ghcr.io/rapidmx/charts
  version: 1.5.0
digest: sha256:62933292fb442d65c94202f6679bc231fdbf0d9ac6f7c624c07bd903651bbe1b
generated: "2026-09-23T16:59:14.3553327-07:00"
